
Microsoft Visual Studio Solution File, Format Version 12.00
# Visual Studio Version 17
VisualStudioVersion = 17.13.35931.197 d17.13
MinimumVisualStudioVersion = 10.0.40219.1
Project("{FAE04EC0-301F-11D3-BF4B-00C04F79EFBC}") = "StudentDatabase", "StudentDatabase\StudentDatabase.csproj", "{A448A61A-DD3B-4EF7-89A7-75A6CC4F49EC}"
EndProject
Global
	GlobalSection(SolutionConfigurationPlatforms) = preSolution
		Debug|Any CPU = Debug|Any CPU
		Release|Any CPU = Release|Any CPU
	EndGlobalSection
	GlobalSection(ProjectConfigurationPlatforms) = postSolution
		{A448A61A-DD3B-4EF7-89A7-75A6CC4F49EC}.Debug|Any CPU.ActiveCfg = Debug|Any CPU
		{A448A61A-DD3B-4EF7-89A7-75A6CC4F49EC}.Debug|Any CPU.Build.0 = Debug|Any CPU
		{A448A61A-DD3B-4EF7-89A7-75A6CC4F49EC}.Release|Any CPU.ActiveCfg = Release|Any CPU
		{A448A61A-DD3B-4EF7-89A7-75A6CC4F49EC}.Release|Any CPU.Build.0 = Release|Any CPU
	EndGlobalSection
	GlobalSection(SolutionProperties) = preSolution
		HideSolutionNode = FALSE
	EndGlobalSection
	GlobalSection(ExtensibilityGlobals) = postSolution
		SolutionGuid = {99D3AB68-D361-4507-9851-2736E48652B7}
	EndGlobalSection
EndGlobal
